
Microsoft Visual Studio Solution File, Format Version 12.00
# Visual Studio Version 17
VisualStudioVersion = 17.6.33829.357
MinimumVisualStudioVersion = 10.0.40219.1
Project("{FAE04EC0-301F-11D3-BF4B-00C04F79EFBC}") = "prjWebCsBanque2montreal", "prjWebCsBanque2montreal\prjWebCsBanque2montreal.csproj", "{31F9177D-32F5-46E6-99CE-97B651843065}"
EndProject
Global
	GlobalSection(SolutionConfigurationPlatforms) = preSolution
		Debug|Any CPU = Debug|Any CPU
		Release|Any CPU = Release|Any CPU
	EndGlobalSection
	GlobalSection(ProjectConfigurationPlatforms) = postSolution
		{31F9177D-32F5-46E6-99CE-97B651843065}.Debug|Any CPU.ActiveCfg = Debug|Any CPU
		{31F9177D-32F5-46E6-99CE-97B651843065}.Debug|Any CPU.Build.0 = Debug|Any CPU
		{31F9177D-32F5-46E6-99CE-97B651843065}.Release|Any CPU.ActiveCfg = Release|Any CPU
		{31F9177D-32F5-46E6-99CE-97B651843065}.Release|Any CPU.Build.0 = Release|Any CPU
	EndGlobalSection
	GlobalSection(SolutionProperties) = preSolution
		HideSolutionNode = FALSE
	EndGlobalSection
	GlobalSection(ExtensibilityGlobals) = postSolution
		SolutionGuid = {211EF7FD-2896-446A-BAD6-E89EFB7C3B7B}
	EndGlobalSection
EndGlobal
